// !$*UTF8*$!
{
	archiveVersion = 1;
	classes = {
	};
	objectVersion = 51;
	objects = {

/* Begin PBXBuildFile section */
		0376E3B9E29ED07E41B4B52D /* Pods_DiaryApp.framework in Frameworks */ = {isa = PBXBuildFile; fileRef = C906EF76C2A6B62BC544A266 /* Pods_DiaryApp.framework */; };
		0C0E83C9238CFDBC009429CC /* AppDelegate.swift in Sources */ = {isa = PBXBuildFile; fileRef = 0C0E83C8238CFDBC009429CC /* AppDelegate.swift */; };
		0C0E83CB238CFDBC009429CC /* SceneDelegate.swift in Sources */ = {isa = PBXBuildFile; fileRef = 0C0E83CA238CFDBC009429CC /* SceneDelegate.swift */; };
		0C0E83D0238CFDBC009429CC /* Main.storyboard in Resources */ = {isa = PBXBuildFile; fileRef = 0C0E83CE238CFDBC009429CC /* Main.storyboard */; };
		0C0E83D2238CFDBF009429CC /* Assets.xcassets in Resources */ = {isa = PBXBuildFile; fileRef = 0C0E83D1238CFDBF009429CC /* Assets.xcassets */; };
		0C0E83D5238CFDBF009429CC /* LaunchScreen.storyboard in Resources */ = {isa = PBXBuildFile; fileRef = 0C0E83D3238CFDBF009429CC /* LaunchScreen.storyboard */; };
		0C0E83DE238D0125009429CC /* ListViewController.swift in Sources */ = {isa = PBXBuildFile; fileRef = 0C0E83DD238D0125009429CC /* ListViewController.swift */; };
		0C0E83E0238D012F009429CC /* InputViewController.swift in Sources */ = {isa = PBXBuildFile; fileRef = 0C0E83DF238D012F009429CC /* InputViewController.swift */; };
		0C0E83E3238D0709009429CC /* Diary.swift in Sources */ = {isa = PBXBuildFile; fileRef = 0C0E83E2238D0709009429CC /* Diary.swift */; };
/* End PBXBuildFile section */

/* Begin PBXFileReference section */
		0C0E83C5238CFDBC009429CC /* DiaryApp.app */ = {isa = PBXFileReference; explicitFileType = wrapper.application; includeInIndex = 0; path = DiaryApp.app; sourceTree = BUILT_PRODUCTS_DIR; };
		0C0E83C8238CFDBC009429CC /* AppDelegate.swift */ = {isa = PBXFileReference; lastKnownFileType = sourcecode.swift; path = AppDelegate.swift; sourceTree = "<group>"; };
		0C0E83CA238CFDBC009429CC /* SceneDelegate.swift */ = {isa = PBXFileReference; lastKnownFileType = sourcecode.swift; path = SceneDelegate.swift; sourceTree = "<group>"; };
		0C0E83CF238CFDBC009429CC /* Base */ = {isa = PBXFileReference; lastKnownFileType = file.storyboard; name = Base; path = Base.lproj/Main.storyboard; sourceTree = "<group>"; };
		0C0E83D1238CFDBF009429CC /* Assets.xcassets */ = {isa = PBXFileReference; lastKnownFileType = folder.assetcatalog; path = Assets.xcassets; sourceTree = "<group>"; };
		0C0E83D4238CFDBF009429CC /* Base */ = {isa = PBXFileReference; lastKnownFileType = file.storyboard; name = Base; path = Base.lproj/LaunchScreen.storyboard; sourceTree = "<group>"; };
		0C0E83D6238CFDBF009429CC /* Info.plist */ = {isa = PBXFileReference; lastKnownFileType = text.plist.xml; path = Info.plist; sourceTree = "<group>"; };
		0C0E83DD238D0125009429CC /* ListViewController.swift */ = {isa = PBXFileReference; lastKnownFileType = sourcecode.swift; path = ListViewController.swift; sourceTree = "<group>"; };
		0C0E83DF238D012F009429CC /* InputViewController.swift */ = {isa = PBXFileReference; lastKnownFileType = sourcecode.swift; path = InputViewController.swift; sourceTree = "<group>"; };
		0C0E83E2238D0709009429CC /* Diary.swift */ = {isa = PBXFileReference; lastKnownFileType = sourcecode.swift; path = Diary.swift; sourceTree = "<group>"; };
		24126D09623E9A9DDB093C1F /* Pods-DiaryApp.debug.xcconfig */ = {isa = PBXFileReference; includeInIndex = 1; lastKnownFileType = text.xcconfig; name = "Pods-DiaryApp.debug.xcconfig"; path = "Target Support Files/Pods-DiaryApp/Pods-DiaryApp.debug.xcconfig"; sourceTree = "<group>"; };
		C906EF76C2A6B62BC544A266 /* Pods_DiaryApp.framework */ = {isa = PBXFileReference; explicitFileType = wrapper.framework; includeInIndex = 0; path = Pods_DiaryApp.framework; sourceTree = BUILT_PRODUCTS_DIR; };
		FFCF532423EBC7B0719152D3 /* Pods-DiaryApp.release.xcconfig */ = {isa = PBXFileReference; includeInIndex = 1; lastKnownFileType = text.xcconfig; name = "Pods-DiaryApp.release.xcconfig"; path = "Target Support Files/Pods-DiaryApp/Pods-DiaryApp.release.xcconfig"; sourceTree = "<group>"; };
/* End PBXFileReference section */

/* Begin PBXFrameworksBuildPhase section */
		0C0E83C2238CFDBC009429CC /* Frameworks */ = {
			isa = PBXFrameworksBuildPhase;
			buildActionMask = 2147483647;
			files = (
				0376E3B9E29ED07E41B4B52D /* Pods_DiaryApp.framework in Frameworks */,
			);
			runOnlyForDeploymentPostprocessing = 0;
		};
/* End PBXFrameworksBuildPhase section */

/* Begin PBXGroup section */
		0C0E83BC238CFDBC009429CC = {
			isa = PBXGroup;
			children = (
				0C0E83C7238CFDBC009429CC /* DiaryApp */,
				0C0E83C6238CFDBC009429CC /* Products */,
				EB2B747841934E06F7C7A17B /* Pods */,
				509004EE37319E960C8A3227 /* Frameworks */,
			);
			sourceTree = "<group>";
		};
		0C0E83C6238CFDBC009429CC /* Products */ = {
			isa = PBXGroup;
			children = (
				0C0E83C5238CFDBC009429CC /* DiaryApp.app */,
			);
			name = Products;
			sourceTree = "<group>";
		};
		0C0E83C7238CFDBC009429CC /* DiaryApp */ = {
			isa = PBXGroup;
			children = (
				0C0E83E1238D06D0009429CC /* Objects */,
				0C0E83DC238D00F3009429CC /* Controllers */,
				0C0E83C8238CFDBC009429CC /* AppDelegate.swift */,
				0C0E83CA238CFDBC009429CC /* SceneDelegate.swift */,
				0C0E83CE238CFDBC009429CC /* Main.storyboard */,
				0C0E83D1238CFDBF009429CC /* Assets.xcassets */,
				0C0E83D3238CFDBF009429CC /* LaunchScreen.storyboard */,
				0C0E83D6238CFDBF009429CC /* Info.plist */,
			);
			path = DiaryApp;
			sourceTree = "<group>";
		};
		0C0E83DC238D00F3009429CC /* Controllers */ = {
			isa = PBXGroup;
			children = (
				0C0E83DD238D0125009429CC /* ListViewController.swift */,
				0C0E83DF238D012F009429CC /* InputViewController.swift */,
			);
			path = Controllers;
			sourceTree = "<group>";
		};
		0C0E83E1238D06D0009429CC /* Objects */ = {
			isa = PBXGroup;
			children = (
				0C0E83E2238D0709009429CC /* Diary.swift */,
			);
			path = Objects;
			sourceTree = "<group>";
		};
		509004EE37319E960C8A3227 /* Frameworks */ = {
			isa = PBXGroup;
			children = (
				C906EF76C2A6B62BC544A266 /* Pods_DiaryApp.framework */,
			);
			name = Frameworks;
			sourceTree = "<group>";
		};
		EB2B747841934E06F7C7A17B /* Pods */ = {
			isa = PBXGroup;
			children = (
				24126D09623E9A9DDB093C1F /* Pods-DiaryApp.debug.xcconfig */,
				FFCF532423EBC7B0719152D3 /* Pods-DiaryApp.release.xcconfig */,
			);
			path = Pods;
			sourceTree = "<group>";
		};
/* End PBXGroup section */

/* Begin PBXNativeTarget section */
		0C0E83C4238CFDBC009429CC /* DiaryApp */ = {
			isa = PBXNativeTarget;
			buildConfigurationList = 0C0E83D9238CFDBF009429CC /* Build configuration list for PBXNativeTarget "DiaryApp" */;
			buildPhases = (
				D865DDD6D0DD2DCF27270A36 /* [CP] Check Pods Manifest.lock */,
				0C0E83C1238CFDBC009429CC /* Sources */,
				0C0E83C2238CFDBC009429CC /* Frameworks */,
				0C0E83C3238CFDBC009429CC /* Resources */,
				8A892D8EA8663E9199F5462E /* [CP] Embed Pods Frameworks */,
			);
			buildRules = (
			);
			dependencies = (
			);
			name = DiaryApp;
			productName = DiaryApp;
			productReference = 0C0E83C5238CFDBC009429CC /* DiaryApp.app */;
			productType = "com.apple.product-type.application";
		};
/* End PBXNativeTarget section */

/* Begin PBXProject section */
		0C0E83BD238CFDBC009429CC /* Project object */ = {
			isa = PBXProject;
			attributes = {
				LastSwiftUpdateCheck = 1110;
				LastUpgradeCheck = 1110;
				ORGANIZATIONNAME = yonekan;
				TargetAttributes = {
					0C0E83C4238CFDBC009429CC = {
						CreatedOnToolsVersion = 11.1;
					};
				};
			};
			buildConfigurationList = 0C0E83C0238CFDBC009429CC /* Build configuration list for PBXProject "DiaryApp" */;
			compatibilityVersion = "Xcode 9.3";
			developmentRegion = en;
			hasScannedForEncodings = 0;
			knownRegions = (
				en,
				Base,
			);
			mainGroup = 0C0E83BC238CFDBC009429CC;
			productRefGroup = 0C0E83C6238CFDBC009429CC /* Products */;
			projectDirPath = "";
			projectRoot = "";
			targets = (
				0C0E83C4238CFDBC009429CC /* DiaryApp */,
			);
		};
/* End PBXProject section */

/* Begin PBXResourcesBuildPhase section */
		0C0E83C3238CFDBC009429CC /* Resources */ = {
			isa = PBXResourcesBuildPhase;
			buildActionMask = 2147483647;
			files = (
				0C0E83D5238CFDBF009429CC /* LaunchScreen.storyboard in Resources */,
				0C0E83D2238CFDBF009429CC /* Assets.xcassets in Resources */,
				0C0E83D0238CFDBC009429CC /* Main.storyboard in Resources */,
			);
			runOnlyForDeploymentPostprocessing = 0;
		};
/* End PBXResourcesBuildPhase section */

/* Begin PBXShellScriptBuildPhase section */
		8A892D8EA8663E9199F5462E /* [CP] Embed Pods Frameworks */ = {
			isa = PBXShellScriptBuildPhase;
			buildActionMask = 2147483647;
			files = (
			);
			inputFileListPaths = (
				"${PODS_ROOT}/Target Support Files/Pods-DiaryApp/Pods-DiaryApp-frameworks-${CONFIGURATION}-input-files.xcfilelist",
			);
			name = "[CP] Embed Pods Frameworks";
			outputFileListPaths = (
				"${PODS_ROOT}/Target Support Files/Pods-DiaryApp/Pods-DiaryApp-frameworks-${CONFIGURATION}-output-files.xcfilelist",
			);
			runOnlyForDeploymentPostprocessing = 0;
			shellPath = /bin/sh;
			shellScript = "\"${PODS_ROOT}/Target Support Files/Pods-DiaryApp/Pods-DiaryApp-frameworks.sh\"\n";
			showEnvVarsInLog = 0;
		};
		D865DDD6D0DD2DCF27270A36 /* [CP] Check Pods Manifest.lock */ = {
			isa = PBXShellScriptBuildPhase;
			buildActionMask = 2147483647;
			files = (
			);
			inputFileListPaths = (
			);
			inputPaths = (
				"${PODS_PODFILE_DIR_PATH}/Podfile.lock",
				"${PODS_ROOT}/Manifest.lock",
			);
			name = "[CP] Check Pods Manifest.lock";
			outputFileListPaths = (
			);
			outputPaths = (
				"$(DERIVED_FILE_DIR)/Pods-DiaryApp-checkManifestLockResult.txt",
			);
			runOnlyForDeploymentPostprocessing = 0;
			shellPath = /bin/sh;
			shellScript = "diff \"${PODS_PODFILE_DIR_PATH}/Podfile.lock\" \"${PODS_ROOT}/Manifest.lock\" > /dev/null\nif [ $? != 0 ] ; then\n    # print error to STDERR\n    echo \"error: The sandbox is not in sync with the Podfile.lock. Run 'pod install' or update your CocoaPods installation.\" >&2\n    exit 1\nfi\n# This output is used by Xcode 'outputs' to avoid re-running this script phase.\necho \"SUCCESS\" > \"${SCRIPT_OUTPUT_FILE_0}\"\n";
			showEnvVarsInLog = 0;
		};
/* End PBXShellScriptBuildPhase section */

/* Begin PBXSourcesBuildPhase section */
		0C0E83C1238CFDBC009429CC /* Sources */ = {
			isa = PBXSourcesBuildPhase;
			buildActionMask = 2147483647;
			files = (
				0C0E83C9238CFDBC009429CC /* AppDelegate.swift in Sources */,
				0C0E83E3238D0709009429CC /* Diary.swift in Sources */,
				0C0E83CB238CFDBC009429CC /* SceneDelegate.swift in Sources */,
				0C0E83DE238D0125009429CC /* ListViewController.swift in Sources */,
				0C0E83E0238D012F009429CC /* InputViewController.swift in Sources */,
			);
			runOnlyForDeploymentPostprocessing = 0;
		};
/* End PBXSourcesBuildPhase section */

/* Begin PBXVariantGroup section */
		0C0E83CE238CFDBC009429CC /* Main.storyboard */ = {
			isa = PBXVariantGroup;
			children = (
				0C0E83CF238CFDBC009429CC /* Base */,
			);
			name = Main.storyboard;
			sourceTree = "<group>";
		};
		0C0E83D3238CFDBF009429CC /* LaunchScreen.storyboard */ = {
			isa = PBXVariantGroup;
			children = (
				0C0E83D4238CFDBF009429CC /* Base */,
			);
			name = LaunchScreen.storyboard;
			sourceTree = "<group>";
		};
/* End PBXVariantGroup section */

/* Begin XCBuildConfiguration section */
		0C0E83D7238CFDBF009429CC /* Debug */ = {
			isa = XCBuildConfiguration;
			buildSettings = {
				ALWAYS_SEARCH_USER_PATHS = NO;
				CLANG_ANALYZER_NONNULL = YES;
				CLANG_ANALYZER_NUMBER_OBJECT_CONVERSION = YES_AGGRESSIVE;
				CLANG_CXX_LANGUAGE_STANDARD = "gnu++14";
				CLANG_CXX_LIBRARY = "libc++";
				CLANG_ENABLE_MODULES = YES;
				CLANG_ENABLE_OBJC_ARC = YES;
				CLANG_ENABLE_OBJC_WEAK = YES;
				CLANG_WARN_BLOCK_CAPTURE_AUTORELEASING = YES;
				CLANG_WARN_BOOL_CONVERSION = YES;
				CLANG_WARN_COMMA = YES;
				CLANG_WARN_CONSTANT_CONVERSION = YES;
				CLANG_WARN_DEPRECATED_OBJC_IMPLEMENTATIONS = YES;
				CLANG_WARN_DIRECT_OBJC_ISA_USAGE = YES_ERROR;
				CLANG_WARN_DOCUMENTATION_COMMENTS = YES;
				CLANG_WARN_EMPTY_BODY = YES;
				CLANG_WARN_ENUM_CONVERSION = YES;
				CLANG_WARN_INFINITE_RECURSION = YES;
				CLANG_WARN_INT_CONVERSION = YES;
				CLANG_WARN_NON_LITERAL_NULL_CONVERSION = YES;
				CLANG_WARN_OBJC_IMPLICIT_RETAIN_SELF = YES;
				CLANG_WARN_OBJC_LITERAL_CONVERSION = YES;
				CLANG_WARN_OBJC_ROOT_CLASS = YES_ERROR;
				CLANG_WARN_RANGE_LOOP_ANALYSIS = YES;
				CLANG_WARN_STRICT_PROTOTYPES = YES;
				CLANG_WARN_SUSPICIOUS_MOVE = YES;
				CLANG_WARN_UNGUARDED_AVAILABILITY = YES_AGGRESSIVE;
				CLANG_WARN_UNREACHABLE_CODE = YES;
				CLANG_WARN__DUPLICATE_METHOD_MATCH = YES;
				COPY_PHASE_STRIP = NO;
				DEBUG_INFORMATION_FORMAT = dwarf;
				ENABLE_STRICT_OBJC_MSGSEND = YES;
				ENABLE_TESTABILITY = YES;
				GCC_C_LANGUAGE_STANDARD = gnu11;
				GCC_DYNAMIC_NO_PIC = NO;
				GCC_NO_COMMON_BLOCKS = YES;
				GCC_OPTIMIZATION_LEVEL = 0;
				GCC_PREPROCESSOR_DEFINITIONS = (
					"DEBUG=1",
					"$(inherited)",
				);
				GCC_WARN_64_TO_32_BIT_CONVERSION = YES;
				GCC_WARN_ABOUT_RETURN_TYPE = YES_ERROR;
				GCC_WARN_UNDECLARED_SELECTOR = YES;
				GCC_WARN_UNINITIALIZED_AUTOS = YES_AGGRESSIVE;
				GCC_WARN_UNUSED_FUNCTION = YES;
				GCC_WARN_UNUSED_VARIABLE = YES;
				IPHONEOS_DEPLOYMENT_TARGET = 13.1;
				MTL_ENABLE_DEBUG_INFO = INCLUDE_SOURCE;
				MTL_FAST_MATH = YES;
				ONLY_ACTIVE_ARCH = YES;
				SDKROOT = iphoneos;
				SWIFT_ACTIVE_COMPILATION_CONDITIONS = DEBUG;
				SWIFT_OPTIMIZATION_LEVEL = "-Onone";
			};
			name = Debug;
		};
		0C0E83D8238CFDBF009429CC /* Release */ = {
			isa = XCBuildConfiguration;
			buildSettings = {
				ALWAYS_SEARCH_USER_PATHS = NO;
				CLANG_ANALYZER_NONNULL = YES;
				CLANG_ANALYZER_NUMBER_OBJECT_CONVERSION = YES_AGGRESSIVE;
				CLANG_CXX_LANGUAGE_STANDARD = "gnu++14";
				CLANG_CXX_LIBRARY = "libc++";
				CLANG_ENABLE_MODULES = YES;
				CLANG_ENABLE_OBJC_ARC = YES;
				CLANG_ENABLE_OBJC_WEAK = YES;
				CLANG_WARN_BLOCK_CAPTURE_AUTORELEASING = YES;
				CLANG_WARN_BOOL_CONVERSION = YES;
				CLANG_WARN_COMMA = YES;
				CLANG_WARN_CONSTANT_CONVERSION = YES;
				CLANG_WARN_DEPRECATED_OBJC_IMPLEMENTATIONS = YES;
				CLANG_WARN_DIRECT_OBJC_ISA_USAGE = YES_ERROR;
				CLANG_WARN_DOCUMENTATION_COMMENTS = YES;
				CLANG_WARN_EMPTY_BODY = YES;
				CLANG_WARN_ENUM_CONVERSION = YES;
				CLANG_WARN_INFINITE_RECURSION = YES;
				CLANG_WARN_INT_CONVERSION = YES;
				CLANG_WARN_NON_LITERAL_NULL_CONVERSION = YES;
				CLANG_WARN_OBJC_IMPLICIT_RETAIN_SELF = YES;
				CLANG_WARN_OBJC_LITERAL_CONVERSION = YES;
				CLANG_WARN_OBJC_ROOT_CLASS = YES_ERROR;
				CLANG_WARN_RANGE_LOOP_ANALYSIS = YES;
				CLANG_WARN_STRICT_PROTOTYPES = YES;
				CLANG_WARN_SUSPICIOUS_MOVE = YES;
				CLANG_WARN_UNGUARDED_AVAILABILITY = YES_AGGRESSIVE;
				CLANG_WARN_UNREACHABLE_CODE = YES;
				CLANG_WARN__DUPLICATE_METHOD_MATCH = YES;
				COPY_PHASE_STRIP = NO;
				DEBUG_INFORMATION_FORMAT = "dwarf-with-dsym";
				ENABLE_NS_ASSERTIONS = NO;
				ENABLE_STRICT_OBJC_MSGSEND = YES;
				GCC_C_LANGUAGE_STANDARD = gnu11;
				GCC_NO_COMMON_BLOCKS = YES;
				GCC_WARN_64_TO_32_BIT_CONVERSION = YES;
				GCC_WARN_ABOUT_RETURN_TYPE = YES_ERROR;
				GCC_WARN_UNDECLARED_SELECTOR = YES;
				GCC_WARN_UNINITIALIZED_AUTOS = YES_AGGRESSIVE;
				GCC_WARN_UNUSED_FUNCTION = YES;
				GCC_WARN_UNUSED_VARIABLE = YES;
				IPHONEOS_DEPLOYMENT_TARGET = 13.1;
				MTL_ENABLE_DEBUG_INFO = NO;
				MTL_FAST_MATH = YES;
				SDKROOT = iphoneos;
				SWIFT_COMPILATION_MODE = wholemodule;
				SWIFT_OPTIMIZATION_LEVEL = "-O";
				VALIDATE_PRODUCT = YES;
			};
			name = Release;
		};
		0C0E83DA238CFDBF009429CC /* Debug */ = {
			isa = XCBuildConfiguration;
			baseConfigurationReference = 24126D09623E9A9DDB093C1F /* Pods-DiaryApp.debug.xcconfig */;
			buildSettings = {
				ASSETCATALOG_COMPILER_APPICON_NAME = AppIcon;
				CODE_SIGN_STYLE = Automatic;
				DEVELOPMENT_TEAM = 8DB4CQZK65;
				INFOPLIST_FILE = DiaryApp/Info.plist;
				LD_RUNPATH_SEARCH_PATHS = (
					"$(inherited)",
					"@executable_path/Frameworks",
				);
				PRODUCT_BUNDLE_IDENTIFIER = com.example.DiaryApp;
				PRODUCT_NAME = "$(TARGET_NAME)";
				SWIFT_VERSION = 5.0;
				TARGETED_DEVICE_FAMILY = "1,2";
			};
			name = Debug;
		};
		0C0E83DB238CFDBF009429CC /* Release */ = {
			isa = XCBuildConfiguration;
			baseConfigurationReference = FFCF532423EBC7B0719152D3 /* Pods-DiaryApp.release.xcconfig */;
			buildSettings = {
				ASSETCATALOG_COMPILER_APPICON_NAME = AppIcon;
				CODE_SIGN_STYLE = Automatic;
				DEVELOPMENT_TEAM = 8DB4CQZK65;
				INFOPLIST_FILE = DiaryApp/Info.plist;
				LD_RUNPATH_SEARCH_PATHS = (
					"$(inherited)",
					"@executable_path/Frameworks",
				);
				PRODUCT_BUNDLE_IDENTIFIER = com.example.DiaryApp;
				PRODUCT_NAME = "$(TARGET_NAME)";
				SWIFT_VERSION = 5.0;
				TARGETED_DEVICE_FAMILY = "1,2";
			};
			name = Release;
		};
/* End XCBuildConfiguration section */

/* Begin XCConfigurationList section */
		0C0E83C0238CFDBC009429CC /* Build configuration list for PBXProject "DiaryApp" */ = {
			isa = XCConfigurationList;
			buildConfigurations = (
				0C0E83D7238CFDBF009429CC /* Debug */,
				0C0E83D8238CFDBF009429CC /* Release */,
			);
			defaultConfigurationIsVisible = 0;
			defaultConfigurationName = Release;
		};
		0C0E83D9238CFDBF009429CC /* Build configuration list for PBXNativeTarget "DiaryApp" */ = {
			isa = XCConfigurationList;
			buildConfigurations = (
				0C0E83DA238CFDBF009429CC /* Debug */,
				0C0E83DB238CFDBF009429CC /* Release */,
			);
			defaultConfigurationIsVisible = 0;
			defaultConfigurationName = Release;
		};
/* End XCConfigurationList section */
	};
	rootObject = 0C0E83BD238CFDBC009429CC /* Project object */;
}
